{
  "name": "@shivam21/react-native-loggly",
  "version": "1.0.0",
  "lockfileVersion": 3,
  "requires": true,
  "packages": {
    "": {
      "name": "@shivam21/react-native-loggly",
      "version": "1.0.0",
      "license": "MIT"
    },
    "node_modules/react-native-loggly": {
      "resolved": "",
      "link": true
    }
  }
}
